// !$*UTF8*$!
{
	archiveVersion = 1;
	classes = {
	};
	objectVersion = 52;
	objects = {

/* Begin PBXBuildFile section */
		EC8A0A72261E85F400221218 /* DataService.swift in Sources */ = {isa = PBXBuildFile; fileRef = EC8A0A71261E85F400221218 /* DataService.swift */; };
		EC8A0A7B261E8E5400221218 /* MainTableViewCell.swift in Sources */ = {isa = PBXBuildFile; fileRef = EC8A0A7A261E8E5400221218 /* MainTableViewCell.swift */; };
		EC8A0A7E261E90C200221218 /* MainDataSource.swift in Sources */ = {isa = PBXBuildFile; fileRef = EC8A0A7D261E90C200221218 /* MainDataSource.swift */; };
		EC8A0A82261E972B00221218 /* String.swift in Sources */ = {isa = PBXBuildFile; fileRef = EC8A0A81261E972B00221218 /* String.swift */; };
		EC8A0A87261EB7F500221218 /* PostDefault.swift in Sources */ = {isa = PBXBuildFile; fileRef = EC8A0A86261EB7F500221218 /* PostDefault.swift */; };
		EC8A0A8B261EBBF300221218 /* BoolTransform.swift in Sources */ = {isa = PBXBuildFile; fileRef = EC8A0A8A261EBBF300221218 /* BoolTransform.swift */; };
		ECD835B1261D470F0080FC96 /* AppDelegate.swift in Sources */ = {isa = PBXBuildFile; fileRef = ECD835B0261D470F0080FC96 /* AppDelegate.swift */; };
		ECD835B3261D470F0080FC96 /* SceneDelegate.swift in Sources */ = {isa = PBXBuildFile; fileRef = ECD835B2261D470F0080FC96 /* SceneDelegate.swift */; };
		ECD835B5261D470F0080FC96 /* MainViewController.swift in Sources */ = {isa = PBXBuildFile; fileRef = ECD835B4261D470F0080FC96 /* MainViewController.swift */; };
		ECD835B8261D470F0080FC96 /* Main.storyboard in Resources */ = {isa = PBXBuildFile; fileRef = ECD835B6261D470F0080FC96 /* Main.storyboard */; };
		ECD835BA261D47120080FC96 /* Assets.xcassets in Resources */ = {isa = PBXBuildFile; fileRef = ECD835B9261D47120080FC96 /* Assets.xcassets */; };
		ECD835BD261D47120080FC96 /* LaunchScreen.storyboard in Resources */ = {isa = PBXBuildFile; fileRef = ECD835BB261D47120080FC96 /* LaunchScreen.storyboard */; };
		ECD835EE261D49EB0080FC96 /* Default.swift in Sources */ = {isa = PBXBuildFile; fileRef = ECD835EC261D49EB0080FC96 /* Default.swift */; };
		ECD835F3261D4A390080FC96 /* Realm in Frameworks */ = {isa = PBXBuildFile; productRef = ECD835F2261D4A390080FC96 /* Realm */; };
		ECD835F5261D4A390080FC96 /* RealmSwift in Frameworks */ = {isa = PBXBuildFile; productRef = ECD835F4261D4A390080FC96 /* RealmSwift */; };
		ECD835F9261D4A5E0080FC96 /* ObjectMapper in Frameworks */ = {isa = PBXBuildFile; productRef = ECD835F8261D4A5E0080FC96 /* ObjectMapper */; };
		ECD835FD261D4A770080FC96 /* Alamofire in Frameworks */ = {isa = PBXBuildFile; productRef = ECD835FC261D4A770080FC96 /* Alamofire */; };
		ECD83601261D4CDC0080FC96 /* PostStore.swift in Sources */ = {isa = PBXBuildFile; fileRef = ECD83600261D4CDC0080FC96 /* PostStore.swift */; };
		ECD83608261D4F4F0080FC96 /* Post.swift in Sources */ = {isa = PBXBuildFile; fileRef = ECD83607261D4F4F0080FC96 /* Post.swift */; };
		ECD8360E261D54050080FC96 /* Lottie in Frameworks */ = {isa = PBXBuildFile; productRef = ECD8360D261D54050080FC96 /* Lottie */; };
		ECD83611261D54940080FC96 /* loading.json in Resources */ = {isa = PBXBuildFile; fileRef = ECD83610261D54940080FC96 /* loading.json */; };
		ECD83615261D55200080FC96 /* BaseViewController.swift in Sources */ = {isa = PBXBuildFile; fileRef = ECD83614261D55200080FC96 /* BaseViewController.swift */; };
		ECD83619261D55680080FC96 /* ColorScheme.swift in Sources */ = {isa = PBXBuildFile; fileRef = ECD83618261D55680080FC96 /* ColorScheme.swift */; };
		ECD8361D261D55EC0080FC96 /* ViewLayout.swift in Sources */ = {isa = PBXBuildFile; fileRef = ECD8361C261D55EC0080FC96 /* ViewLayout.swift */; };
		ECD83620261D560A0080FC96 /* KeyboardAwareConstraint.swift in Sources */ = {isa = PBXBuildFile; fileRef = ECD8361F261D560A0080FC96 /* KeyboardAwareConstraint.swift */; };
		ECD83624261D57120080FC96 /* MainController.swift in Sources */ = {isa = PBXBuildFile; fileRef = ECD83623261D57120080FC96 /* MainController.swift */; };
/* End PBXBuildFile section */

/* Begin PBXFileReference section */
		EC8A0A71261E85F400221218 /* DataService.swift */ = {isa = PBXFileReference; lastKnownFileType = sourcecode.swift; path = DataService.swift; sourceTree = "<group>"; };
		EC8A0A7A261E8E5400221218 /* MainTableViewCell.swift */ = {isa = PBXFileReference; lastKnownFileType = sourcecode.swift; path = MainTableViewCell.swift; sourceTree = "<group>"; };
		EC8A0A7D261E90C200221218 /* MainDataSource.swift */ = {isa = PBXFileReference; lastKnownFileType = sourcecode.swift; path = MainDataSource.swift; sourceTree = "<group>"; };
		EC8A0A81261E972B00221218 /* String.swift */ = {isa = PBXFileReference; lastKnownFileType = sourcecode.swift; path = String.swift; sourceTree = "<group>"; };
		EC8A0A86261EB7F500221218 /* PostDefault.swift */ = {isa = PBXFileReference; lastKnownFileType = sourcecode.swift; path = PostDefault.swift; sourceTree = "<group>"; };
		EC8A0A8A261EBBF300221218 /* BoolTransform.swift */ = {isa = PBXFileReference; fileEncoding = 4; lastKnownFileType = sourcecode.swift; path = BoolTransform.swift; sourceTree = "<group>"; };
		ECD835AD261D470F0080FC96 /* Post.app */ = {isa = PBXFileReference; explicitFileType = wrapper.application; includeInIndex = 0; path = Post.app; sourceTree = BUILT_PRODUCTS_DIR; };
		ECD835B0261D470F0080FC96 /* AppDelegate.swift */ = {isa = PBXFileReference; lastKnownFileType = sourcecode.swift; path = AppDelegate.swift; sourceTree = "<group>"; };
		ECD835B2261D470F0080FC96 /* SceneDelegate.swift */ = {isa = PBXFileReference; lastKnownFileType = sourcecode.swift; path = SceneDelegate.swift; sourceTree = "<group>"; };
		ECD835B4261D470F0080FC96 /* MainViewController.swift */ = {isa = PBXFileReference; lastKnownFileType = sourcecode.swift; path = MainViewController.swift; sourceTree = "<group>"; };
		ECD835B7261D470F0080FC96 /* Base */ = {isa = PBXFileReference; lastKnownFileType = file.storyboard; name = Base; path = Base.lproj/Main.storyboard; sourceTree = "<group>"; };
		ECD835B9261D47120080FC96 /* Assets.xcassets */ = {isa = PBXFileReference; lastKnownFileType = folder.assetcatalog; path = Assets.xcassets; sourceTree = "<group>"; };
		ECD835BC261D47120080FC96 /* Base */ = {isa = PBXFileReference; lastKnownFileType = file.storyboard; name = Base; path = Base.lproj/LaunchScreen.storyboard; sourceTree = "<group>"; };
		ECD835BE261D47120080FC96 /* Info.plist */ = {isa = PBXFileReference; lastKnownFileType = text.plist.xml; path = Info.plist; sourceTree = "<group>"; };
		ECD835EC261D49EB0080FC96 /* Default.swift */ = {isa = PBXFileReference; fileEncoding = 4; lastKnownFileType = sourcecode.swift; path = Default.swift; sourceTree = "<group>"; };
		ECD83600261D4CDC0080FC96 /* PostStore.swift */ = {isa = PBXFileReference; lastKnownFileType = sourcecode.swift; path = PostStore.swift; sourceTree = "<group>"; };
		ECD83607261D4F4F0080FC96 /* Post.swift */ = {isa = PBXFileReference; lastKnownFileType = sourcecode.swift; path = Post.swift; sourceTree = "<group>"; };
		ECD83610261D54940080FC96 /* loading.json */ = {isa = PBXFileReference; fileEncoding = 4; lastKnownFileType = text.json; path = loading.json; sourceTree = "<group>"; };
		ECD83614261D55200080FC96 /* BaseViewController.swift */ = {isa = PBXFileReference; fileEncoding = 4; lastKnownFileType = sourcecode.swift; path = BaseViewController.swift; sourceTree = "<group>"; };
		ECD83618261D55680080FC96 /* ColorScheme.swift */ = {isa = PBXFileReference; fileEncoding = 4; lastKnownFileType = sourcecode.swift; path = ColorScheme.swift; sourceTree = "<group>"; };
		ECD8361C261D55EC0080FC96 /* ViewLayout.swift */ = {isa = PBXFileReference; fileEncoding = 4; lastKnownFileType = sourcecode.swift; path = ViewLayout.swift; sourceTree = "<group>"; };
		ECD8361F261D560A0080FC96 /* KeyboardAwareConstraint.swift */ = {isa = PBXFileReference; fileEncoding = 4; lastKnownFileType = sourcecode.swift; path = KeyboardAwareConstraint.swift; sourceTree = "<group>"; };
		ECD83623261D57120080FC96 /* MainController.swift */ = {isa = PBXFileReference; lastKnownFileType = sourcecode.swift; path = MainController.swift; sourceTree = "<group>"; };
/* End PBXFileReference section */

/* Begin PBXFrameworksBuildPhase section */
		ECD835AA261D470F0080FC96 /* Frameworks */ = {
			isa = PBXFrameworksBuildPhase;
			buildActionMask = 2147483647;
			files = (
				ECD8360E261D54050080FC96 /* Lottie in Frameworks */,
				ECD835F9261D4A5E0080FC96 /* ObjectMapper in Frameworks */,
				ECD835FD261D4A770080FC96 /* Alamofire in Frameworks */,
				ECD835F5261D4A390080FC96 /* RealmSwift in Frameworks */,
				ECD835F3261D4A390080FC96 /* Realm in Frameworks */,
			);
			runOnlyForDeploymentPostprocessing = 0;
		};
/* End PBXFrameworksBuildPhase section */

/* Begin PBXGroup section */
		EC8A0A77261E8C5F00221218 /* Main */ = {
			isa = PBXGroup;
			children = (
				EC8A0A78261E8C8800221218 /* TableView */,
				ECD835B4261D470F0080FC96 /* MainViewController.swift */,
				ECD83623261D57120080FC96 /* MainController.swift */,
				ECD835B6261D470F0080FC96 /* Main.storyboard */,
			);
			path = Main;
			sourceTree = "<group>";
		};
		EC8A0A78261E8C8800221218 /* TableView */ = {
			isa = PBXGroup;
			children = (
				EC8A0A7A261E8E5400221218 /* MainTableViewCell.swift */,
				EC8A0A7D261E90C200221218 /* MainDataSource.swift */,
			);
			path = TableView;
			sourceTree = "<group>";
		};
		EC8A0A80261E970C00221218 /* String */ = {
			isa = PBXGroup;
			children = (
				EC8A0A81261E972B00221218 /* String.swift */,
			);
			path = String;
			sourceTree = "<group>";
		};
		EC8A0A89261EBBE700221218 /* Mapper */ = {
			isa = PBXGroup;
			children = (
				EC8A0A8A261EBBF300221218 /* BoolTransform.swift */,
			);
			path = Mapper;
			sourceTree = "<group>";
		};
		ECD835A4261D470F0080FC96 = {
			isa = PBXGroup;
			children = (
				ECD835AF261D470F0080FC96 /* Post */,
				ECD835AE261D470F0080FC96 /* Products */,
			);
			sourceTree = "<group>";
		};
		ECD835AE261D470F0080FC96 /* Products */ = {
			isa = PBXGroup;
			children = (
				ECD835AD261D470F0080FC96 /* Post.app */,
			);
			name = Products;
			sourceTree = "<group>";
		};
		ECD835AF261D470F0080FC96 /* Post */ = {
			isa = PBXGroup;
			children = (
				ECD835D3261D48030080FC96 /* Config */,
				ECD835D2261D47F90080FC96 /* Launch */,
				ECD835CA261D47980080FC96 /* Base */,
				ECD835C9261D478F0080FC96 /* Models */,
				ECD835C8261D478A0080FC96 /* Store */,
				ECD835C6261D475F0080FC96 /* Application */,
				ECD835C5261D47510080FC96 /* Resouces */,
				ECD835BE261D47120080FC96 /* Info.plist */,
			);
			path = Post;
			sourceTree = "<group>";
		};
		ECD835C5261D47510080FC96 /* Resouces */ = {
			isa = PBXGroup;
			children = (
				ECD835B9261D47120080FC96 /* Assets.xcassets */,
				ECD83610261D54940080FC96 /* loading.json */,
			);
			path = Resouces;
			sourceTree = "<group>";
		};
		ECD835C6261D475F0080FC96 /* Application */ = {
			isa = PBXGroup;
			children = (
				ECD835C7261D476C0080FC96 /* ViewController */,
			);
			path = Application;
			sourceTree = "<group>";
		};
		ECD835C7261D476C0080FC96 /* ViewController */ = {
			isa = PBXGroup;
			children = (
				EC8A0A77261E8C5F00221218 /* Main */,
			);
			path = ViewController;
			sourceTree = "<group>";
		};
		ECD835C8261D478A0080FC96 /* Store */ = {
			isa = PBXGroup;
			children = (
				ECD835FF261D4CA70080FC96 /* PostStore */,
				ECD835EB261D49E40080FC96 /* DefaultStore */,
			);
			path = Store;
			sourceTree = "<group>";
		};
		ECD835C9261D478F0080FC96 /* Models */ = {
			isa = PBXGroup;
			children = (
				ECD83607261D4F4F0080FC96 /* Post.swift */,
			);
			path = Models;
			sourceTree = "<group>";
		};
		ECD835CA261D47980080FC96 /* Base */ = {
			isa = PBXGroup;
			children = (
				EC8A0A89261EBBE700221218 /* Mapper */,
				EC8A0A80261E970C00221218 /* String */,
				ECD835CB261D479E0080FC96 /* API */,
				ECD8361B261D55E60080FC96 /* Layout */,
				ECD83617261D555E0080FC96 /* Styles */,
				ECD83613261D55160080FC96 /* ViewController */,
			);
			path = Base;
			sourceTree = "<group>";
		};
		ECD835CB261D479E0080FC96 /* API */ = {
			isa = PBXGroup;
			children = (
				EC8A0A71261E85F400221218 /* DataService.swift */,
			);
			path = API;
			sourceTree = "<group>";
		};
		ECD835D2261D47F90080FC96 /* Launch */ = {
			isa = PBXGroup;
			children = (
				ECD835B0261D470F0080FC96 /* AppDelegate.swift */,
				ECD835B2261D470F0080FC96 /* SceneDelegate.swift */,
				ECD835BB261D47120080FC96 /* LaunchScreen.storyboard */,
			);
			path = Launch;
			sourceTree = "<group>";
		};
		ECD835D3261D48030080FC96 /* Config */ = {
			isa = PBXGroup;
			children = (
			);
			path = Config;
			sourceTree = "<group>";
		};
		ECD835EB261D49E40080FC96 /* DefaultStore */ = {
			isa = PBXGroup;
			children = (
				ECD835EC261D49EB0080FC96 /* Default.swift */,
				EC8A0A86261EB7F500221218 /* PostDefault.swift */,
			);
			path = DefaultStore;
			sourceTree = "<group>";
		};
		ECD835FF261D4CA70080FC96 /* PostStore */ = {
			isa = PBXGroup;
			children = (
				ECD83600261D4CDC0080FC96 /* PostStore.swift */,
			);
			path = PostStore;
			sourceTree = "<group>";
		};
		ECD83613261D55160080FC96 /* ViewController */ = {
			isa = PBXGroup;
			children = (
				ECD83614261D55200080FC96 /* BaseViewController.swift */,
			);
			path = ViewController;
			sourceTree = "<group>";
		};
		ECD83617261D555E0080FC96 /* Styles */ = {
			isa = PBXGroup;
			children = (
				ECD83618261D55680080FC96 /* ColorScheme.swift */,
			);
			path = Styles;
			sourceTree = "<group>";
		};
		ECD8361B261D55E60080FC96 /* Layout */ = {
			isa = PBXGroup;
			children = (
				ECD8361F261D560A0080FC96 /* KeyboardAwareConstraint.swift */,
				ECD8361C261D55EC0080FC96 /* ViewLayout.swift */,
			);
			path = Layout;
			sourceTree = "<group>";
		};
/* End PBXGroup section */

/* Begin PBXNativeTarget section */
		ECD835AC261D470F0080FC96 /* Post */ = {
			isa = PBXNativeTarget;
			buildConfigurationList = ECD835C1261D47120080FC96 /* Build configuration list for PBXNativeTarget "Post" */;
			buildPhases = (
				ECD835A9261D470F0080FC96 /* Sources */,
				ECD835AA261D470F0080FC96 /* Frameworks */,
				ECD835AB261D470F0080FC96 /* Resources */,
			);
			buildRules = (
			);
			dependencies = (
			);
			name = Post;
			packageProductDependencies = (
				ECD835F2261D4A390080FC96 /* Realm */,
				ECD835F4261D4A390080FC96 /* RealmSwift */,
				ECD835F8261D4A5E0080FC96 /* ObjectMapper */,
				ECD835FC261D4A770080FC96 /* Alamofire */,
				ECD8360D261D54050080FC96 /* Lottie */,
			);
			productName = Post;
			productReference = ECD835AD261D470F0080FC96 /* Post.app */;
			productType = "com.apple.product-type.application";
		};
/* End PBXNativeTarget section */

/* Begin PBXProject section */
		ECD835A5261D470F0080FC96 /* Project object */ = {
			isa = PBXProject;
			attributes = {
				LastSwiftUpdateCheck = 1240;
				LastUpgradeCheck = 1240;
				TargetAttributes = {
					ECD835AC261D470F0080FC96 = {
						CreatedOnToolsVersion = 12.4;
					};
				};
			};
			buildConfigurationList = ECD835A8261D470F0080FC96 /* Build configuration list for PBXProject "Post" */;
			compatibilityVersion = "Xcode 9.3";
			developmentRegion = en;
			hasScannedForEncodings = 0;
			knownRegions = (
				en,
				Base,
			);
			mainGroup = ECD835A4261D470F0080FC96;
			packageReferences = (
				ECD835F1261D4A390080FC96 /* XCRemoteSwiftPackageReference "realm-cocoa" */,
				ECD835F7261D4A5E0080FC96 /* XCRemoteSwiftPackageReference "ObjectMapper" */,
				ECD835FB261D4A770080FC96 /* XCRemoteSwiftPackageReference "Alamofire" */,
				ECD8360C261D54050080FC96 /* XCRemoteSwiftPackageReference "lottie-ios" */,
			);
			productRefGroup = ECD835AE261D470F0080FC96 /* Products */;
			projectDirPath = "";
			projectRoot = "";
			targets = (
				ECD835AC261D470F0080FC96 /* Post */,
			);
		};
/* End PBXProject section */

/* Begin PBXResourcesBuildPhase section */
		ECD835AB261D470F0080FC96 /* Resources */ = {
			isa = PBXResourcesBuildPhase;
			buildActionMask = 2147483647;
			files = (
				ECD835BD261D47120080FC96 /* LaunchScreen.storyboard in Resources */,
				ECD835BA261D47120080FC96 /* Assets.xcassets in Resources */,
				ECD83611261D54940080FC96 /* loading.json in Resources */,
				ECD835B8261D470F0080FC96 /* Main.storyboard in Resources */,
			);
			runOnlyForDeploymentPostprocessing = 0;
		};
/* End PBXResourcesBuildPhase section */

/* Begin PBXSourcesBuildPhase section */
		ECD835A9261D470F0080FC96 /* Sources */ = {
			isa = PBXSourcesBuildPhase;
			buildActionMask = 2147483647;
			files = (
				EC8A0A7B261E8E5400221218 /* MainTableViewCell.swift in Sources */,
				ECD83619261D55680080FC96 /* ColorScheme.swift in Sources */,
				ECD83624261D57120080FC96 /* MainController.swift in Sources */,
				ECD83615261D55200080FC96 /* BaseViewController.swift in Sources */,
				ECD83608261D4F4F0080FC96 /* Post.swift in Sources */,
				ECD83601261D4CDC0080FC96 /* PostStore.swift in Sources */,
				ECD835B5261D470F0080FC96 /* MainViewController.swift in Sources */,
				EC8A0A8B261EBBF300221218 /* BoolTransform.swift in Sources */,
				EC8A0A87261EB7F500221218 /* PostDefault.swift in Sources */,
				ECD835EE261D49EB0080FC96 /* Default.swift in Sources */,
				ECD835B1261D470F0080FC96 /* AppDelegate.swift in Sources */,
				ECD8361D261D55EC0080FC96 /* ViewLayout.swift in Sources */,
				ECD83620261D560A0080FC96 /* KeyboardAwareConstraint.swift in Sources */,
				ECD835B3261D470F0080FC96 /* SceneDelegate.swift in Sources */,
				EC8A0A82261E972B00221218 /* String.swift in Sources */,
				EC8A0A72261E85F400221218 /* DataService.swift in Sources */,
				EC8A0A7E261E90C200221218 /* MainDataSource.swift in Sources */,
			);
			runOnlyForDeploymentPostprocessing = 0;
		};
/* End PBXSourcesBuildPhase section */

/* Begin PBXVariantGroup section */
		ECD835B6261D470F0080FC96 /* Main.storyboard */ = {
			isa = PBXVariantGroup;
			children = (
				ECD835B7261D470F0080FC96 /* Base */,
			);
			name = Main.storyboard;
			sourceTree = "<group>";
		};
		ECD835BB261D47120080FC96 /* LaunchScreen.storyboard */ = {
			isa = PBXVariantGroup;
			children = (
				ECD835BC261D47120080FC96 /* Base */,
			);
			name = LaunchScreen.storyboard;
			sourceTree = "<group>";
		};
/* End PBXVariantGroup section */

/* Begin XCBuildConfiguration section */
		ECD835BF261D47120080FC96 /* Debug */ = {
			isa = XCBuildConfiguration;
			buildSettings = {
				ALWAYS_SEARCH_USER_PATHS = NO;
				CLANG_ANALYZER_NONNULL = YES;
				CLANG_ANALYZER_NUMBER_OBJECT_CONVERSION = YES_AGGRESSIVE;
				CLANG_CXX_LANGUAGE_STANDARD = "gnu++14";
				CLANG_CXX_LIBRARY = "libc++";
				CLANG_ENABLE_MODULES = YES;
				CLANG_ENABLE_OBJC_ARC = YES;
				CLANG_ENABLE_OBJC_WEAK = YES;
				CLANG_WARN_BLOCK_CAPTURE_AUTORELEASING = YES;
				CLANG_WARN_BOOL_CONVERSION = YES;
				CLANG_WARN_COMMA = YES;
				CLANG_WARN_CONSTANT_CONVERSION = YES;
				CLANG_WARN_DEPRECATED_OBJC_IMPLEMENTATIONS = YES;
				CLANG_WARN_DIRECT_OBJC_ISA_USAGE = YES_ERROR;
				CLANG_WARN_DOCUMENTATION_COMMENTS = YES;
				CLANG_WARN_EMPTY_BODY = YES;
				CLANG_WARN_ENUM_CONVERSION = YES;
				CLANG_WARN_INFINITE_RECURSION = YES;
				CLANG_WARN_INT_CONVERSION = YES;
				CLANG_WARN_NON_LITERAL_NULL_CONVERSION = YES;
				CLANG_WARN_OBJC_IMPLICIT_RETAIN_SELF = YES;
				CLANG_WARN_OBJC_LITERAL_CONVERSION = YES;
				CLANG_WARN_OBJC_ROOT_CLASS = YES_ERROR;
				CLANG_WARN_QUOTED_INCLUDE_IN_FRAMEWORK_HEADER = YES;
				CLANG_WARN_RANGE_LOOP_ANALYSIS = YES;
				CLANG_WARN_STRICT_PROTOTYPES = YES;
				CLANG_WARN_SUSPICIOUS_MOVE = YES;
				CLANG_WARN_UNGUARDED_AVAILABILITY = YES_AGGRESSIVE;
				CLANG_WARN_UNREACHABLE_CODE = YES;
				CLANG_WARN__DUPLICATE_METHOD_MATCH = YES;
				COPY_PHASE_STRIP = NO;
				DEBUG_INFORMATION_FORMAT = dwarf;
				ENABLE_STRICT_OBJC_MSGSEND = YES;
				ENABLE_TESTABILITY = YES;
				GCC_C_LANGUAGE_STANDARD = gnu11;
				GCC_DYNAMIC_NO_PIC = NO;
				GCC_NO_COMMON_BLOCKS = YES;
				GCC_OPTIMIZATION_LEVEL = 0;
				GCC_PREPROCESSOR_DEFINITIONS = (
					"DEBUG=1",
					"$(inherited)",
				);
				GCC_WARN_64_TO_32_BIT_CONVERSION = YES;
				GCC_WARN_ABOUT_RETURN_TYPE = YES_ERROR;
				GCC_WARN_UNDECLARED_SELECTOR = YES;
				GCC_WARN_UNINITIALIZED_AUTOS = YES_AGGRESSIVE;
				GCC_WARN_UNUSED_FUNCTION = YES;
				GCC_WARN_UNUSED_VARIABLE = YES;
				IPHONEOS_DEPLOYMENT_TARGET = 14.4;
				MTL_ENABLE_DEBUG_INFO = INCLUDE_SOURCE;
				MTL_FAST_MATH = YES;
				ONLY_ACTIVE_ARCH = YES;
				SDKROOT = iphoneos;
				SWIFT_ACTIVE_COMPILATION_CONDITIONS = DEBUG;
				SWIFT_OPTIMIZATION_LEVEL = "-Onone";
			};
			name = Debug;
		};
		ECD835C0261D47120080FC96 /* Release */ = {
			isa = XCBuildConfiguration;
			buildSettings = {
				ALWAYS_SEARCH_USER_PATHS = NO;
				CLANG_ANALYZER_NONNULL = YES;
				CLANG_ANALYZER_NUMBER_OBJECT_CONVERSION = YES_AGGRESSIVE;
				CLANG_CXX_LANGUAGE_STANDARD = "gnu++14";
				CLANG_CXX_LIBRARY = "libc++";
				CLANG_ENABLE_MODULES = YES;
				CLANG_ENABLE_OBJC_ARC = YES;
				CLANG_ENABLE_OBJC_WEAK = YES;
				CLANG_WARN_BLOCK_CAPTURE_AUTORELEASING = YES;
				CLANG_WARN_BOOL_CONVERSION = YES;
				CLANG_WARN_COMMA = YES;
				CLANG_WARN_CONSTANT_CONVERSION = YES;
				CLANG_WARN_DEPRECATED_OBJC_IMPLEMENTATIONS = YES;
				CLANG_WARN_DIRECT_OBJC_ISA_USAGE = YES_ERROR;
				CLANG_WARN_DOCUMENTATION_COMMENTS = YES;
				CLANG_WARN_EMPTY_BODY = YES;
				CLANG_WARN_ENUM_CONVERSION = YES;
				CLANG_WARN_INFINITE_RECURSION = YES;
				CLANG_WARN_INT_CONVERSION = YES;
				CLANG_WARN_NON_LITERAL_NULL_CONVERSION = YES;
				CLANG_WARN_OBJC_IMPLICIT_RETAIN_SELF = YES;
				CLANG_WARN_OBJC_LITERAL_CONVERSION = YES;
				CLANG_WARN_OBJC_ROOT_CLASS = YES_ERROR;
				CLANG_WARN_QUOTED_INCLUDE_IN_FRAMEWORK_HEADER = YES;
				CLANG_WARN_RANGE_LOOP_ANALYSIS = YES;
				CLANG_WARN_STRICT_PROTOTYPES = YES;
				CLANG_WARN_SUSPICIOUS_MOVE = YES;
				CLANG_WARN_UNGUARDED_AVAILABILITY = YES_AGGRESSIVE;
				CLANG_WARN_UNREACHABLE_CODE = YES;
				CLANG_WARN__DUPLICATE_METHOD_MATCH = YES;
				COPY_PHASE_STRIP = NO;
				DEBUG_INFORMATION_FORMAT = "dwarf-with-dsym";
				ENABLE_NS_ASSERTIONS = NO;
				ENABLE_STRICT_OBJC_MSGSEND = YES;
				GCC_C_LANGUAGE_STANDARD = gnu11;
				GCC_NO_COMMON_BLOCKS = YES;
				GCC_WARN_64_TO_32_BIT_CONVERSION = YES;
				GCC_WARN_ABOUT_RETURN_TYPE = YES_ERROR;
				GCC_WARN_UNDECLARED_SELECTOR = YES;
				GCC_WARN_UNINITIALIZED_AUTOS = YES_AGGRESSIVE;
				GCC_WARN_UNUSED_FUNCTION = YES;
				GCC_WARN_UNUSED_VARIABLE = YES;
				IPHONEOS_DEPLOYMENT_TARGET = 14.4;
				MTL_ENABLE_DEBUG_INFO = NO;
				MTL_FAST_MATH = YES;
				SDKROOT = iphoneos;
				SWIFT_COMPILATION_MODE = wholemodule;
				SWIFT_OPTIMIZATION_LEVEL = "-O";
				VALIDATE_PRODUCT = YES;
			};
			name = Release;
		};
		ECD835C2261D47120080FC96 /* Debug */ = {
			isa = XCBuildConfiguration;
			buildSettings = {
				ASSETCATALOG_COMPILER_APPICON_NAME = AppIcon;
				ASSETCATALOG_COMPILER_GLOBAL_ACCENT_COLOR_NAME = AccentColor;
				CODE_SIGN_STYLE = Automatic;
				INFOPLIST_FILE = Post/Info.plist;
				LD_RUNPATH_SEARCH_PATHS = (
					"$(inherited)",
					"@executable_path/Frameworks",
				);
				PRODUCT_BUNDLE_IDENTIFIER = leo.Post;
				PRODUCT_NAME = "$(TARGET_NAME)";
				SWIFT_VERSION = 5.0;
				TARGETED_DEVICE_FAMILY = "1,2";
			};
			name = Debug;
		};
		ECD835C3261D47120080FC96 /* Release */ = {
			isa = XCBuildConfiguration;
			buildSettings = {
				ASSETCATALOG_COMPILER_APPICON_NAME = AppIcon;
				ASSETCATALOG_COMPILER_GLOBAL_ACCENT_COLOR_NAME = AccentColor;
				CODE_SIGN_STYLE = Automatic;
				INFOPLIST_FILE = Post/Info.plist;
				LD_RUNPATH_SEARCH_PATHS = (
					"$(inherited)",
					"@executable_path/Frameworks",
				);
				PRODUCT_BUNDLE_IDENTIFIER = leo.Post;
				PRODUCT_NAME = "$(TARGET_NAME)";
				SWIFT_VERSION = 5.0;
				TARGETED_DEVICE_FAMILY = "1,2";
			};
			name = Release;
		};
/* End XCBuildConfiguration section */

/* Begin XCConfigurationList section */
		ECD835A8261D470F0080FC96 /* Build configuration list for PBXProject "Post" */ = {
			isa = XCConfigurationList;
			buildConfigurations = (
				ECD835BF261D47120080FC96 /* Debug */,
				ECD835C0261D47120080FC96 /* Release */,
			);
			defaultConfigurationIsVisible = 0;
			defaultConfigurationName = Release;
		};
		ECD835C1261D47120080FC96 /* Build configuration list for PBXNativeTarget "Post" */ = {
			isa = XCConfigurationList;
			buildConfigurations = (
				ECD835C2261D47120080FC96 /* Debug */,
				ECD835C3261D47120080FC96 /* Release */,
			);
			defaultConfigurationIsVisible = 0;
			defaultConfigurationName = Release;
		};
/* End XCConfigurationList section */

/* Begin XCRemoteSwiftPackageReference section */
		ECD835F1261D4A390080FC96 /* XCRemoteSwiftPackageReference "realm-cocoa" */ = {
			isa = XCRemoteSwiftPackageReference;
			repositoryURL = "https://github.com/realm/realm-cocoa";
			requirement = {
				kind = upToNextMajorVersion;
				minimumVersion = 10.7.2;
			};
		};
		ECD835F7261D4A5E0080FC96 /* XCRemoteSwiftPackageReference "ObjectMapper" */ = {
			isa = XCRemoteSwiftPackageReference;
			repositoryURL = "https://github.com/tristanhimmelman/ObjectMapper";
			requirement = {
				kind = upToNextMajorVersion;
				minimumVersion = 4.2.0;
			};
		};
		ECD835FB261D4A770080FC96 /* XCRemoteSwiftPackageReference "Alamofire" */ = {
			isa = XCRemoteSwiftPackageReference;
			repositoryURL = "https://github.com/Alamofire/Alamofire";
			requirement = {
				kind = upToNextMajorVersion;
				minimumVersion = 5.4.2;
			};
		};
		ECD8360C261D54050080FC96 /* XCRemoteSwiftPackageReference "lottie-ios" */ = {
			isa = XCRemoteSwiftPackageReference;
			repositoryURL = "https://github.com/airbnb/lottie-ios";
			requirement = {
				kind = upToNextMajorVersion;
				minimumVersion = 3.2.1;
			};
		};
/* End XCRemoteSwiftPackageReference section */

/* Begin XCSwiftPackageProductDependency section */
		ECD835F2261D4A390080FC96 /* Realm */ = {
			isa = XCSwiftPackageProductDependency;
			package = ECD835F1261D4A390080FC96 /* XCRemoteSwiftPackageReference "realm-cocoa" */;
			productName = Realm;
		};
		ECD835F4261D4A390080FC96 /* RealmSwift */ = {
			isa = XCSwiftPackageProductDependency;
			package = ECD835F1261D4A390080FC96 /* XCRemoteSwiftPackageReference "realm-cocoa" */;
			productName = RealmSwift;
		};
		ECD835F8261D4A5E0080FC96 /* ObjectMapper */ = {
			isa = XCSwiftPackageProductDependency;
			package = ECD835F7261D4A5E0080FC96 /* XCRemoteSwiftPackageReference "ObjectMapper" */;
			productName = ObjectMapper;
		};
		ECD835FC261D4A770080FC96 /* Alamofire */ = {
			isa = XCSwiftPackageProductDependency;
			package = ECD835FB261D4A770080FC96 /* XCRemoteSwiftPackageReference "Alamofire" */;
			productName = Alamofire;
		};
		ECD8360D261D54050080FC96 /* Lottie */ = {
			isa = XCSwiftPackageProductDependency;
			package = ECD8360C261D54050080FC96 /* XCRemoteSwiftPackageReference "lottie-ios" */;
			productName = Lottie;
		};
/* End XCSwiftPackageProductDependency section */
	};
	rootObject = ECD835A5261D470F0080FC96 /* Project object */;
}
